// !$*UTF8*$!
{
	archiveVersion = 1;
	classes = {
	};
	objectVersion = 46;
	objects = {

/* Begin PBXBuildFile section */
		180BE2BF1678237E00BFBBF4 /* FileViewController.m in Sources */ = {isa = PBXBuildFile; fileRef = 180BE2BD1678237D00BFBBF4 /* FileViewController.m */; };
		180BE2C01678237E00BFBBF4 /* FileViewController.xib in Resources */ = {isa = PBXBuildFile; fileRef = 180BE2BE1678237D00BFBBF4 /* FileViewController.xib */; };
		180BE30F16799D8100BFBBF4 /* QuartzCore.framework in Frameworks */ = {isa = PBXBuildFile; fileRef = 180BE30E16799D8100BFBBF4 /* QuartzCore.framework */; };
		181A288C164F4485001D8F5E /* ImagesPackage.m in Sources */ = {isa = PBXBuildFile; fileRef = 181A288B164F4485001D8F5E /* ImagesPackage.m */; };
		181A2894164F6157001D8F5E /* AudiosPackage.m in Sources */ = {isa = PBXBuildFile; fileRef = 181A2893164F6157001D8F5E /* AudiosPackage.m */; };
		181CA43516A2F294000C29C3 /* CustomBarView.m in Sources */ = {isa = PBXBuildFile; fileRef = 181CA43416A2F294000C29C3 /* CustomBarView.m */; };
		181CA43916A2F2BF000C29C3 /* MicrophoneButton.m in Sources */ = {isa = PBXBuildFile; fileRef = 181CA43816A2F2BF000C29C3 /* MicrophoneButton.m */; };
		181CA43C16A2F2CF000C29C3 /* SettingButton.m in Sources */ = {isa = PBXBuildFile; fileRef = 181CA43B16A2F2CF000C29C3 /* SettingButton.m */; };
		181CA43F16A2F2EA000C29C3 /* AddButton.m in Sources */ = {isa = PBXBuildFile; fileRef = 181CA43E16A2F2EA000C29C3 /* AddButton.m */; };
		1872B53C16842E6E0079944A /* 2 Broke Girls.jpg in Resources */ = {isa = PBXBuildFile; fileRef = 1872B51116842E6E0079944A /* 2 Broke Girls.jpg */; };
		1872B53D16842E6E0079944A /* Bones.jpg in Resources */ = {isa = PBXBuildFile; fileRef = 1872B51216842E6E0079944A /* Bones.jpg */; };
		1872B53E16842E6E0079944A /* Boston Legal.jpg in Resources */ = {isa = PBXBuildFile; fileRef = 1872B51316842E6E0079944A /* Boston Legal.jpg */; };
		1872B53F16842E6E0079944A /* Brothers and Sisters.jpg in Resources */ = {isa = PBXBuildFile; fileRef = 1872B51416842E6E0079944A /* Brothers and Sisters.jpg */; };
		1872B54016842E6E0079944A /* Cold Case.jpg in Resources */ = {isa = PBXBuildFile; fileRef = 1872B51516842E6E0079944A /* Cold Case.jpg */; };
		1872B54116842E6E0079944A /* Criminal Minds.jpg in Resources */ = {isa = PBXBuildFile; fileRef = 1872B51616842E6E0079944A /* Criminal Minds.jpg */; };
		1872B54216842E6E0079944A /* CSI.jpg in Resources */ = {isa = PBXBuildFile; fileRef = 1872B51716842E6E0079944A /* CSI.jpg */; };
		1872B54316842E6E0079944A /* Desperate Housewives.jpg in Resources */ = {isa = PBXBuildFile; fileRef = 1872B51816842E6E0079944A /* Desperate Housewives.jpg */; };
		1872B54416842E6E0079944A /* Dexter.jpg in Resources */ = {isa = PBXBuildFile; fileRef = 1872B51916842E6E0079944A /* Dexter.jpg */; };
		1872B54516842E6E0079944A /* Downton Abbey.jpg in Resources */ = {isa = PBXBuildFile; fileRef = 1872B51A16842E6E0079944A /* Downton Abbey.jpg */; };
		1872B54616842E6E0079944A /* Friends2.jpg in Resources */ = {isa = PBXBuildFile; fileRef = 1872B51B16842E6E0079944A /* Friends2.jpg */; };
		1872B54716842E6E0079944A /* Fringe.jpg in Resources */ = {isa = PBXBuildFile; fileRef = 1872B51C16842E6E0079944A /* Fringe.jpg */; };
		1872B54816842E6E0079944A /* Gossip Girl.jpg in Resources */ = {isa = PBXBuildFile; fileRef = 1872B51D16842E6E0079944A /* Gossip Girl.jpg */; };
		1872B54916842E6E0079944A /* Grey's Anatomy.jpg in Resources */ = {isa = PBXBuildFile; fileRef = 1872B51E16842E6E0079944A /* Grey's Anatomy.jpg */; };
		1872B54A16842E6E0079944A /* Heroes.jpg in Resources */ = {isa = PBXBuildFile; fileRef = 1872B51F16842E6E0079944A /* Heroes.jpg */; };
		1872B54B16842E6E0079944A /* House.jpg in Resources */ = {isa = PBXBuildFile; fileRef = 1872B52016842E6E0079944A /* House.jpg */; };
		1872B54C16842E6E0079944A /* How I Met Your Mother.jpg in Resources */ = {isa = PBXBuildFile; fileRef = 1872B52116842E6E0079944A /* How I Met Your Mother.jpg */; };
		1872B54D16842E6E0079944A /* Legend of The Seeker.jpg in Resources */ = {isa = PBXBuildFile; fileRef = 1872B52216842E6E0079944A /* Legend of The Seeker.jpg */; };
		1872B55016842E6E0079944A /* Nikita.jpg in Resources */ = {isa = PBXBuildFile; fileRef = 1872B52616842E6E0079944A /* Nikita.jpg */; };
		1872B55116842E6E0079944A /* Nip Tuck.jpg in Resources */ = {isa = PBXBuildFile; fileRef = 1872B52716842E6E0079944A /* Nip Tuck.jpg */; };
		1872B55216842E6E0079944A /* Prison Break.jpg in Resources */ = {isa = PBXBuildFile; fileRef = 1872B52816842E6E0079944A /* Prison Break.jpg */; };
		1872B55416842E6E0079944A /* Revenge.jpg in Resources */ = {isa = PBXBuildFile; fileRef = 1872B52A16842E6E0079944A /* Revenge.jpg */; };
		1872B55516842E6E0079944A /* Rome.jpg in Resources */ = {isa = PBXBuildFile; fileRef = 1872B52B16842E6E0079944A /* Rome.jpg */; };
		1872B55616842E6E0079944A /* Sherlock.jpg in Resources */ = {isa = PBXBuildFile; fileRef = 1872B52C16842E6E0079944A /* Sherlock.jpg */; };
		1872B55716842E6E0079944A /* Skins.jpg in Resources */ = {isa = PBXBuildFile; fileRef = 1872B52D16842E6E0079944A /* Skins.jpg */; };
		1872B55916842E6E0079944A /* The 4400.jpg in Resources */ = {isa = PBXBuildFile; fileRef = 1872B52F16842E6E0079944A /* The 4400.jpg */; };
		1872B55A16842E6E0079944A /* The Big Bang Theory.jpg in Resources */ = {isa = PBXBuildFile; fileRef = 1872B53016842E6E0079944A /* The Big Bang Theory.jpg */; };
		1872B55B16842E6E0079944A /* The Big Bang Theory2.jpg in Resources */ = {isa = PBXBuildFile; fileRef = 1872B53116842E6E0079944A /* The Big Bang Theory2.jpg */; };
		1872B55C16842E6E0079944A /* The Closer.jpg in Resources */ = {isa = PBXBuildFile; fileRef = 1872B53216842E6E0079944A /* The Closer.jpg */; };
		1872B55D16842E6E0079944A /* The Good Wife.jpg in Resources */ = {isa = PBXBuildFile; fileRef = 1872B53316842E6E0079944A /* The Good Wife.jpg */; };
		1872B55E16842E6E0079944A /* The Killing.jpg in Resources */ = {isa = PBXBuildFile; fileRef = 1872B53416842E6E0079944A /* The Killing.jpg */; };
		1872B55F16842E6E0079944A /* The Office.jpg in Resources */ = {isa = PBXBuildFile; fileRef = 1872B53516842E6E0079944A /* The Office.jpg */; };
		1872B56016842E6E0079944A /* The Pretender.jpg in Resources */ = {isa = PBXBuildFile; fileRef = 1872B53616842E6E0079944A /* The Pretender.jpg */; };
		1872B56116842E6E0079944A /* The Prisoner.jpg in Resources */ = {isa = PBXBuildFile; fileRef = 1872B53716842E6E0079944A /* The Prisoner.jpg */; };
		1872B56216842E6E0079944A /* True Blood.jpg in Resources */ = {isa = PBXBuildFile; fileRef = 1872B53816842E6E0079944A /* True Blood.jpg */; };
		1872B56316842E6E0079944A /* Ugly Betty.jpg in Resources */ = {isa = PBXBuildFile; fileRef = 1872B53916842E6E0079944A /* Ugly Betty.jpg */; };
		1872B56416842E6E0079944A /* Weeds.jpg in Resources */ = {isa = PBXBuildFile; fileRef = 1872B53A16842E6E0079944A /* Weeds.jpg */; };
		1872B56516842E6E0079944A /* Will and Grace.jpg in Resources */ = {isa = PBXBuildFile; fileRef = 1872B53B16842E6E0079944A /* Will and Grace.jpg */; };
		1872B56816842EFC0079944A /* MBProgressHUD.m in Sources */ = {isa = PBXBuildFile; fileRef = 1872B56716842EFC0079944A /* MBProgressHUD.m */; };
		1890ACC216880AEA000C0FC4 /* CardViewController.m in Sources */ = {isa = PBXBuildFile; fileRef = 1890ACC016880AEA000C0FC4 /* CardViewController.m */; };
		1890ACC316880AEA000C0FC4 /* CardViewController.xib in Resources */ = {isa = PBXBuildFile; fileRef = 1890ACC116880AEA000C0FC4 /* CardViewController.xib */; };
		1890ACC716880B35000C0FC4 /* CardCell.m in Sources */ = {isa = PBXBuildFile; fileRef = 1890ACC616880B35000C0FC4 /* CardCell.m */; };
		1890ACC916880B5E000C0FC4 /* CardCell.xib in Resources */ = {isa = PBXBuildFile; fileRef = 1890ACC816880B5E000C0FC4 /* CardCell.xib */; };
		1890ACE01689CCB5000C0FC4 /* microNormal.jpg in Resources */ = {isa = PBXBuildFile; fileRef = 1890ACDE1689CCB5000C0FC4 /* microNormal.jpg */; };
		1890ACE11689CCB5000C0FC4 /* microPressed.jpg in Resources */ = {isa = PBXBuildFile; fileRef = 1890ACDF1689CCB5000C0FC4 /* microPressed.jpg */; };
		18BECBA51694103900E82829 /* ButtonView.m in Sources */ = {isa = PBXBuildFile; fileRef = 18BECBA41694103900E82829 /* ButtonView.m */; };
		18BECBB0169426C900E82829 /* LabelView.m in Sources */ = {isa = PBXBuildFile; fileRef = 18BECBAF169426C900E82829 /* LabelView.m */; };
		18CDAA4616AE2C6800A25DFC /* PopMenu.m in Sources */ = {isa = PBXBuildFile; fileRef = 18CDAA4516AE2C6800A25DFC /* PopMenu.m */; };
		18CDAA7616AE6E0C00A25DFC /* GlossaryManagement.m in Sources */ = {isa = PBXBuildFile; fileRef = 18CDAA7516AE6E0C00A25DFC /* GlossaryManagement.m */; };
		18D9DD64169BF11600351D51 /* CountLabel.m in Sources */ = {isa = PBXBuildFile; fileRef = 18D9DD63169BF11600351D51 /* CountLabel.m */; };
		18D9DDAC169E697700351D51 /* CustomImageView.m in Sources */ = {isa = PBXBuildFile; fileRef = 18D9DDAB169E697700351D51 /* CustomImageView.m */; };
		18E52A421696B3BA0067C957 /* PlayViewController.m in Sources */ = {isa = PBXBuildFile; fileRef = 18E52A401696B3BA0067C957 /* PlayViewController.m */; };
		18E52A431696B3BA0067C957 /* PlayViewController.xib in Resources */ = {isa = PBXBuildFile; fileRef = 18E52A411696B3BA0067C957 /* PlayViewController.xib */; };
		18E52A471696B6B50067C957 /* PlayView.m in Sources */ = {isa = PBXBuildFile; fileRef = 18E52A461696B6B50067C957 /* PlayView.m */; };
		18E52A4F169869DC0067C957 /* ThumbImageView.m in Sources */ = {isa = PBXBuildFile; fileRef = 18E52A4E169869DB0067C957 /* ThumbImageView.m */; };
		18E52A7B169AA90E0067C957 /* PlayButton.m in Sources */ = {isa = PBXBuildFile; fileRef = 18E52A7A169AA90E0067C957 /* PlayButton.m */; };
		18E9D32C1689EEDE00283A7F /* earphone.jpg in Resources */ = {isa = PBXBuildFile; fileRef = 18E9D32B1689EEDE00283A7F /* earphone.jpg */; };
		18E9D335168B162600283A7F /* GlossaryViewController.m in Sources */ = {isa = PBXBuildFile; fileRef = 18E9D333168B162600283A7F /* GlossaryViewController.m */; };
		18E9D336168B162600283A7F /* GlossaryViewController.xib in Resources */ = {isa = PBXBuildFile; fileRef = 18E9D334168B162600283A7F /* GlossaryViewController.xib */; };
		18FCC0E616800F050038ADBB /* GLKit.framework in Frameworks */ = {isa = PBXBuildFile; fileRef = 18FCC0E516800F050038ADBB /* GLKit.framework */; };
		18FCC111168023AD0038ADBB /* Friends.jpg in Resources */ = {isa = PBXBuildFile; fileRef = 18FCC110168023AD0038ADBB /* Friends.jpg */; };
		18FCC14F1682B5480038ADBB /* FirstViewController.m in Sources */ = {isa = PBXBuildFile; fileRef = 18FCC14D1682B5480038ADBB /* FirstViewController.m */; };
		18FCC1501682B5480038ADBB /* FirstViewController.xib in Resources */ = {isa = PBXBuildFile; fileRef = 18FCC14E1682B5480038ADBB /* FirstViewController.xib */; };
		CE00ED0F1654895300CC4888 /* SettingViewController.m in Sources */ = {isa = PBXBuildFile; fileRef = CE00ED0D1654895300CC4888 /* SettingViewController.m */; };
		CE00ED101654895300CC4888 /* SettingViewController.xib in Resources */ = {isa = PBXBuildFile; fileRef = CE00ED0E1654895300CC4888 /* SettingViewController.xib */; };
		CE012805163A61B6002C02B6 /* CoreMedia.framework in Frameworks */ = {isa = PBXBuildFile; fileRef = CE012804163A61B6002C02B6 /* CoreMedia.framework */; };
		CEDD6E7216390258000F3D6D /* UIKit.framework in Frameworks */ = {isa = PBXBuildFile; fileRef = CEDD6E7116390258000F3D6D /* UIKit.framework */; };
		CEDD6E7416390258000F3D6D /* Foundation.framework in Frameworks */ = {isa = PBXBuildFile; fileRef = CEDD6E7316390258000F3D6D /* Foundation.framework */; };
		CEDD6E7616390258000F3D6D /* CoreGraphics.framework in Frameworks */ = {isa = PBXBuildFile; fileRef = CEDD6E7516390258000F3D6D /* CoreGraphics.framework */; };
		CEDD6E7C16390258000F3D6D /* InfoPlist.strings in Resources */ = {isa = PBXBuildFile; fileRef = CEDD6E7A16390258000F3D6D /* InfoPlist.strings */; };
		CEDD6E7E16390258000F3D6D /* main.m in Sources */ = {isa = PBXBuildFile; fileRef = CEDD6E7D16390258000F3D6D /* main.m */; };
		CEDD6E8216390258000F3D6D /* XXXAppDelegate.m in Sources */ = {isa = PBXBuildFile; fileRef = CEDD6E8116390258000F3D6D /* XXXAppDelegate.m */; };
		CEDD6E9816390331000F3D6D /* XXXPlayView.m in Sources */ = {isa = PBXBuildFile; fileRef = CEDD6E9716390331000F3D6D /* XXXPlayView.m */; };
		CEDD6E9A1639037E000F3D6D /* AVFoundation.framework in Frameworks */ = {isa = PBXBuildFile; fileRef = CEDD6E991639037E000F3D6D /* AVFoundation.framework */; };
		CEFB9256164CE8A700BFADEC /* SubtitlePackage.m in Sources */ = {isa = PBXBuildFile; fileRef = CEFB9255164CE8A700BFADEC /* SubtitlePackage.m */; };
/* End PBXBuildFile section */

/* Begin PBXFileReference section */
		180BE2BC1678237D00BFBBF4 /* FileViewController.h */ = {isa = PBXFileReference; fileEncoding = 4; lastKnownFileType = sourcecode.c.h; path = FileViewController.h; sourceTree = "<group>"; };
		180BE2BD1678237D00BFBBF4 /* FileViewController.m */ = {isa = PBXFileReference; fileEncoding = 4; lastKnownFileType = sourcecode.c.objc; path = FileViewController.m; sourceTree = "<group>"; };
		180BE2BE1678237D00BFBBF4 /* FileViewController.xib */ = {isa = PBXFileReference; fileEncoding = 4; lastKnownFileType = file.xib; path = FileViewController.xib; sourceTree = "<group>"; };
		180BE30E16799D8100BFBBF4 /* QuartzCore.framework */ = {isa = PBXFileReference; lastKnownFileType = wrapper.framework; name = QuartzCore.framework; path = System/Library/Frameworks/QuartzCore.framework; sourceTree = SDKROOT; };
		181A288A164F4485001D8F5E /* ImagesPackage.h */ = {isa = PBXFileReference; fileEncoding = 4; lastKnownFileType = sourcecode.c.h; name = ImagesPackage.h; path = APP4/ImagesPackage.h; sourceTree = "<group>"; };
		181A288B164F4485001D8F5E /* ImagesPackage.m */ = {isa = PBXFileReference; fileEncoding = 4; lastKnownFileType = sourcecode.c.objc; name = ImagesPackage.m; path = APP4/ImagesPackage.m; sourceTree = "<group>"; };
		181A2892164F6157001D8F5E /* AudiosPackage.h */ = {isa = PBXFileReference; fileEncoding = 4; lastKnownFileType = sourcecode.c.h; name = AudiosPackage.h; path = APP4/AudiosPackage.h; sourceTree = "<group>"; };
		181A2893164F6157001D8F5E /* AudiosPackage.m */ = {isa = PBXFileReference; fileEncoding = 4; lastKnownFileType = sourcecode.c.objc; name = AudiosPackage.m; path = APP4/AudiosPackage.m; sourceTree = "<group>"; };
		181CA43316A2F294000C29C3 /* CustomBarView.h */ = {isa = PBXFileReference; fileEncoding = 4; lastKnownFileType = sourcecode.c.h; path = CustomBarView.h; sourceTree = "<group>"; };
		181CA43416A2F294000C29C3 /* CustomBarView.m */ = {isa = PBXFileReference; fileEncoding = 4; lastKnownFileType = sourcecode.c.objc; path = CustomBarView.m; sourceTree = "<group>"; };
		181CA43716A2F2BF000C29C3 /* MicrophoneButton.h */ = {isa = PBXFileReference; fileEncoding = 4; lastKnownFileType = sourcecode.c.h; path = MicrophoneButton.h; sourceTree = "<group>"; };
		181CA43816A2F2BF000C29C3 /* MicrophoneButton.m */ = {isa = PBXFileReference; fileEncoding = 4; lastKnownFileType = sourcecode.c.objc; path = MicrophoneButton.m; sourceTree = "<group>"; };
		181CA43A16A2F2CF000C29C3 /* SettingButton.h */ = {isa = PBXFileReference; fileEncoding = 4; lastKnownFileType = sourcecode.c.h; path = SettingButton.h; sourceTree = "<group>"; };
		181CA43B16A2F2CF000C29C3 /* SettingButton.m */ = {isa = PBXFileReference; fileEncoding = 4; lastKnownFileType = sourcecode.c.objc; path = SettingButton.m; sourceTree = "<group>"; };
		181CA43D16A2F2EA000C29C3 /* AddButton.h */ = {isa = PBXFileReference; fileEncoding = 4; lastKnownFileType = sourcecode.c.h; path = AddButton.h; sourceTree = "<group>"; };
		181CA43E16A2F2EA000C29C3 /* AddButton.m */ = {isa = PBXFileReference; fileEncoding = 4; lastKnownFileType = sourcecode.c.objc; path = AddButton.m; sourceTree = "<group>"; };
		1872B51116842E6E0079944A /* 2 Broke Girls.jpg */ = {isa = PBXFileReference; lastKnownFileType = image.jpeg; path = "2 Broke Girls.jpg"; sourceTree = "<group>"; };
		1872B51216842E6E0079944A /* Bones.jpg */ = {isa = PBXFileReference; lastKnownFileType = image.jpeg; path = Bones.jpg; sourceTree = "<group>"; };
		1872B51316842E6E0079944A /* Boston Legal.jpg */ = {isa = PBXFileReference; lastKnownFileType = image.jpeg; path = "Boston Legal.jpg"; sourceTree = "<group>"; };
		1872B51416842E6E0079944A /* Brothers and Sisters.jpg */ = {isa = PBXFileReference; lastKnownFileType = image.jpeg; path = "Brothers and Sisters.jpg"; sourceTree = "<group>"; };
		1872B51516842E6E0079944A /* Cold Case.jpg */ = {isa = PBXFileReference; lastKnownFileType = image.jpeg; path = "Cold Case.jpg"; sourceTree = "<group>"; };
		1872B51616842E6E0079944A /* Criminal Minds.jpg */ = {isa = PBXFileReference; lastKnownFileType = image.jpeg; path = "Criminal Minds.jpg"; sourceTree = "<group>"; };
		1872B51716842E6E0079944A /* CSI.jpg */ = {isa = PBXFileReference; lastKnownFileType = image.jpeg; path = CSI.jpg; sourceTree = "<group>"; };
		1872B51816842E6E0079944A /* Desperate Housewives.jpg */ = {isa = PBXFileReference; lastKnownFileType = image.jpeg; path = "Desperate Housewives.jpg"; sourceTree = "<group>"; };
		1872B51916842E6E0079944A /* Dexter.jpg */ = {isa = PBXFileReference; lastKnownFileType = image.jpeg; path = Dexter.jpg; sourceTree = "<group>"; };
		1872B51A16842E6E0079944A /* Downton Abbey.jpg */ = {isa = PBXFileReference; lastKnownFileType = image.jpeg; path = "Downton Abbey.jpg"; sourceTree = "<group>"; };
		1872B51B16842E6E0079944A /* Friends2.jpg */ = {isa = PBXFileReference; lastKnownFileType = image.jpeg; path = Friends2.jpg; sourceTree = "<group>"; };
		1872B51C16842E6E0079944A /* Fringe.jpg */ = {isa = PBXFileReference; lastKnownFileType = image.jpeg; path = Fringe.jpg; sourceTree = "<group>"; };
		1872B51D16842E6E0079944A /* Gossip Girl.jpg */ = {isa = PBXFileReference; lastKnownFileType = image.jpeg; path = "Gossip Girl.jpg"; sourceTree = "<group>"; };
		1872B51E16842E6E0079944A /* Grey's Anatomy.jpg */ = {isa = PBXFileReference; lastKnownFileType = image.jpeg; path = "Grey's Anatomy.jpg"; sourceTree = "<group>"; };
		1872B51F16842E6E0079944A /* Heroes.jpg */ = {isa = PBXFileReference; lastKnownFileType = image.jpeg; path = Heroes.jpg; sourceTree = "<group>"; };
		1872B52016842E6E0079944A /* House.jpg */ = {isa = PBXFileReference; lastKnownFileType = image.jpeg; path = House.jpg; sourceTree = "<group>"; };
		1872B52116842E6E0079944A /* How I Met Your Mother.jpg */ = {isa = PBXFileReference; lastKnownFileType = image.jpeg; path = "How I Met Your Mother.jpg"; sourceTree = "<group>"; };
		1872B52216842E6E0079944A /* Legend of The Seeker.jpg */ = {isa = PBXFileReference; lastKnownFileType = image.jpeg; path = "Legend of The Seeker.jpg"; sourceTree = "<group>"; };
		1872B52616842E6E0079944A /* Nikita.jpg */ = {isa = PBXFileReference; lastKnownFileType = image.jpeg; path = Nikita.jpg; sourceTree = "<group>"; };
		1872B52716842E6E0079944A /* Nip Tuck.jpg */ = {isa = PBXFileReference; lastKnownFileType = image.jpeg; path = "Nip Tuck.jpg"; sourceTree = "<group>"; };
		1872B52816842E6E0079944A /* Prison Break.jpg */ = {isa = PBXFileReference; lastKnownFileType = image.jpeg; path = "Prison Break.jpg"; sourceTree = "<group>"; };
		1872B52A16842E6E0079944A /* Revenge.jpg */ = {isa = PBXFileReference; lastKnownFileType = image.jpeg; path = Revenge.jpg; sourceTree = "<group>"; };
		1872B52B16842E6E0079944A /* Rome.jpg */ = {isa = PBXFileReference; lastKnownFileType = image.jpeg; path = Rome.jpg; sourceTree = "<group>"; };
		1872B52C16842E6E0079944A /* Sherlock.jpg */ = {isa = PBXFileReference; lastKnownFileType = image.jpeg; path = Sherlock.jpg; sourceTree = "<group>"; };
		1872B52D16842E6E0079944A /* Skins.jpg */ = {isa = PBXFileReference; lastKnownFileType = image.jpeg; path = Skins.jpg; sourceTree = "<group>"; };
		1872B52F16842E6E0079944A /* The 4400.jpg */ = {isa = PBXFileReference; lastKnownFileType = image.jpeg; path = "The 4400.jpg"; sourceTree = "<group>"; };
		1872B53016842E6E0079944A /* The Big Bang Theory.jpg */ = {isa = PBXFileReference; lastKnownFileType = image.jpeg; path = "The Big Bang Theory.jpg"; sourceTree = "<group>"; };
		1872B53116842E6E0079944A /* The Big Bang Theory2.jpg */ = {isa = PBXFileReference; lastKnownFileType = image.jpeg; path = "The Big Bang Theory2.jpg"; sourceTree = "<group>"; };
		1872B53216842E6E0079944A /* The Closer.jpg */ = {isa = PBXFileReference; lastKnownFileType = image.jpeg; path = "The Closer.jpg"; sourceTree = "<group>"; };
		1872B53316842E6E0079944A /* The Good Wife.jpg */ = {isa = PBXFileReference; lastKnownFileType = image.jpeg; path = "The Good Wife.jpg"; sourceTree = "<group>"; };
		1872B53416842E6E0079944A /* The Killing.jpg */ = {isa = PBXFileReference; lastKnownFileType = image.jpeg; path = "The Killing.jpg"; sourceTree = "<group>"; };
		1872B53516842E6E0079944A /* The Office.jpg */ = {isa = PBXFileReference; lastKnownFileType = image.jpeg; path = "The Office.jpg"; sourceTree = "<group>"; };
		1872B53616842E6E0079944A /* The Pretender.jpg */ = {isa = PBXFileReference; lastKnownFileType = image.jpeg; path = "The Pretender.jpg"; sourceTree = "<group>"; };
		1872B53716842E6E0079944A /* The Prisoner.jpg */ = {isa = PBXFileReference; lastKnownFileType = image.jpeg; path = "The Prisoner.jpg"; sourceTree = "<group>"; };
		1872B53816842E6E0079944A /* True Blood.jpg */ = {isa = PBXFileReference; lastKnownFileType = image.jpeg; path = "True Blood.jpg"; sourceTree = "<group>"; };
		1872B53916842E6E0079944A /* Ugly Betty.jpg */ = {isa = PBXFileReference; lastKnownFileType = image.jpeg; path = "Ugly Betty.jpg"; sourceTree = "<group>"; };
		1872B53A16842E6E0079944A /* Weeds.jpg */ = {isa = PBXFileReference; lastKnownFileType = image.jpeg; path = Weeds.jpg; sourceTree = "<group>"; };
		1872B53B16842E6E0079944A /* Will and Grace.jpg */ = {isa = PBXFileReference; lastKnownFileType = image.jpeg; path = "Will and Grace.jpg"; sourceTree = "<group>"; };
		1872B56616842EFC0079944A /* MBProgressHUD.h */ = {isa = PBXFileReference; fileEncoding = 4; lastKnownFileType = sourcecode.c.h; path = MBProgressHUD.h; sourceTree = "<group>"; };
		1872B56716842EFC0079944A /* MBProgressHUD.m */ = {isa = PBXFileReference; fileEncoding = 4; lastKnownFileType = sourcecode.c.objc; path = MBProgressHUD.m; sourceTree = "<group>"; };
		1890ACBF16880AEA000C0FC4 /* CardViewController.h */ = {isa = PBXFileReference; fileEncoding = 4; lastKnownFileType = sourcecode.c.h; path = CardViewController.h; sourceTree = "<group>"; };
		1890ACC016880AEA000C0FC4 /* CardViewController.m */ = {isa = PBXFileReference; fileEncoding = 4; lastKnownFileType = sourcecode.c.objc; path = CardViewController.m; sourceTree = "<group>"; };
		1890ACC116880AEA000C0FC4 /* CardViewController.xib */ = {isa = PBXFileReference; fileEncoding = 4; lastKnownFileType = file.xib; path = CardViewController.xib; sourceTree = "<group>"; };
		1890ACC516880B35000C0FC4 /* CardCell.h */ = {isa = PBXFileReference; fileEncoding = 4; lastKnownFileType = sourcecode.c.h; path = CardCell.h; sourceTree = "<group>"; };
		1890ACC616880B35000C0FC4 /* CardCell.m */ = {isa = PBXFileReference; fileEncoding = 4; lastKnownFileType = sourcecode.c.objc; path = CardCell.m; sourceTree = "<group>"; };
		1890ACC816880B5E000C0FC4 /* CardCell.xib */ = {isa = PBXFileReference; fileEncoding = 4; lastKnownFileType = file.xib; path = CardCell.xib; sourceTree = "<group>"; };
		1890ACDE1689CCB5000C0FC4 /* microNormal.jpg */ = {isa = PBXFileReference; lastKnownFileType = image.jpeg; path = microNormal.jpg; sourceTree = "<group>"; };
		1890ACDF1689CCB5000C0FC4 /* microPressed.jpg */ = {isa = PBXFileReference; lastKnownFileType = image.jpeg; path = microPressed.jpg; sourceTree = "<group>"; };
		18BECBA31694103900E82829 /* ButtonView.h */ = {isa = PBXFileReference; fileEncoding = 4; lastKnownFileType = sourcecode.c.h; path = ButtonView.h; sourceTree = "<group>"; };
		18BECBA41694103900E82829 /* ButtonView.m */ = {isa = PBXFileReference; fileEncoding = 4; lastKnownFileType = sourcecode.c.objc; path = ButtonView.m; sourceTree = "<group>"; };
		18BECBAE169426C900E82829 /* LabelView.h */ = {isa = PBXFileReference; fileEncoding = 4; lastKnownFileType = sourcecode.c.h; path = LabelView.h; sourceTree = "<group>"; };
		18BECBAF169426C900E82829 /* LabelView.m */ = {isa = PBXFileReference; fileEncoding = 4; lastKnownFileType = sourcecode.c.objc; path = LabelView.m; sourceTree = "<group>"; };
		18CDAA4416AE2C6800A25DFC /* PopMenu.h */ = {isa = PBXFileReference; fileEncoding = 4; lastKnownFileType = sourcecode.c.h; path = PopMenu.h; sourceTree = "<group>"; };
		18CDAA4516AE2C6800A25DFC /* PopMenu.m */ = {isa = PBXFileReference; fileEncoding = 4; lastKnownFileType = sourcecode.c.objc; path = PopMenu.m; sourceTree = "<group>"; };
		18CDAA7416AE6E0C00A25DFC /* GlossaryManagement.h */ = {isa = PBXFileReference; fileEncoding = 4; lastKnownFileType = sourcecode.c.h; path = GlossaryManagement.h; sourceTree = "<group>"; };
		18CDAA7516AE6E0C00A25DFC /* GlossaryManagement.m */ = {isa = PBXFileReference; fileEncoding = 4; lastKnownFileType = sourcecode.c.objc; path = GlossaryManagement.m; sourceTree = "<group>"; };
		18D9DD62169BF11600351D51 /* CountLabel.h */ = {isa = PBXFileReference; fileEncoding = 4; lastKnownFileType = sourcecode.c.h; path = CountLabel.h; sourceTree = "<group>"; };
		18D9DD63169BF11600351D51 /* CountLabel.m */ = {isa = PBXFileReference; fileEncoding = 4; lastKnownFileType = sourcecode.c.objc; path = CountLabel.m; sourceTree = "<group>"; };
		18D9DDAA169E697700351D51 /* CustomImageView.h */ = {isa = PBXFileReference; fileEncoding = 4; lastKnownFileType = sourcecode.c.h; path = CustomImageView.h; sourceTree = "<group>"; };
		18D9DDAB169E697700351D51 /* CustomImageView.m */ = {isa = PBXFileReference; fileEncoding = 4; lastKnownFileType = sourcecode.c.objc; path = CustomImageView.m; sourceTree = "<group>"; };
		18E52A3F1696B3BA0067C957 /* PlayViewController.h */ = {isa = PBXFileReference; fileEncoding = 4; lastKnownFileType = sourcecode.c.h; path = PlayViewController.h; sourceTree = "<group>"; };
		18E52A401696B3BA0067C957 /* PlayViewController.m */ = {isa = PBXFileReference; fileEncoding = 4; lastKnownFileType = sourcecode.c.objc; path = PlayViewController.m; sourceTree = "<group>"; };
		18E52A411696B3BA0067C957 /* PlayViewController.xib */ = {isa = PBXFileReference; fileEncoding = 4; lastKnownFileType = file.xib; path = PlayViewController.xib; sourceTree = "<group>"; };
		18E52A451696B6B50067C957 /* PlayView.h */ = {isa = PBXFileReference; fileEncoding = 4; lastKnownFileType = sourcecode.c.h; name = PlayView.h; path = APP4/PlayView.h; sourceTree = "<group>"; };
		18E52A461696B6B50067C957 /* PlayView.m */ = {isa = PBXFileReference; fileEncoding = 4; lastKnownFileType = sourcecode.c.objc; name = PlayView.m; path = APP4/PlayView.m; sourceTree = "<group>"; };
		18E52A4D169869DB0067C957 /* ThumbImageView.h */ = {isa = PBXFileReference; fileEncoding = 4; lastKnownFileType = sourcecode.c.h; path = ThumbImageView.h; sourceTree = "<group>"; };
		18E52A4E169869DB0067C957 /* ThumbImageView.m */ = {isa = PBXFileReference; fileEncoding = 4; lastKnownFileType = sourcecode.c.objc; path = ThumbImageView.m; sourceTree = "<group>"; };
		18E52A79169AA90E0067C957 /* PlayButton.h */ = {isa = PBXFileReference; fileEncoding = 4; lastKnownFileType = sourcecode.c.h; path = PlayButton.h; sourceTree = "<group>"; };
		18E52A7A169AA90E0067C957 /* PlayButton.m */ = {isa = PBXFileReference; fileEncoding = 4; lastKnownFileType = sourcecode.c.objc; path = PlayButton.m; sourceTree = "<group>"; };
		18E9D32B1689EEDE00283A7F /* earphone.jpg */ = {isa = PBXFileReference; lastKnownFileType = image.jpeg; path = earphone.jpg; sourceTree = "<group>"; };
		18E9D332168B162600283A7F /* GlossaryViewController.h */ = {isa = PBXFileReference; fileEncoding = 4; lastKnownFileType = sourcecode.c.h; path = GlossaryViewController.h; sourceTree = "<group>"; };
		18E9D333168B162600283A7F /* GlossaryViewController.m */ = {isa = PBXFileReference; fileEncoding = 4; lastKnownFileType = sourcecode.c.objc; path = GlossaryViewController.m; sourceTree = "<group>"; };
		18E9D334168B162600283A7F /* GlossaryViewController.xib */ = {isa = PBXFileReference; fileEncoding = 4; lastKnownFileType = file.xib; path = GlossaryViewController.xib; sourceTree = "<group>"; };
		18FCC0E516800F050038ADBB /* GLKit.framework */ = {isa = PBXFileReference; lastKnownFileType = wrapper.framework; name = GLKit.framework; path = System/Library/Frameworks/GLKit.framework; sourceTree = SDKROOT; };
		18FCC110168023AD0038ADBB /* Friends.jpg */ = {isa = PBXFileReference; lastKnownFileType = image.jpeg; path = Friends.jpg; sourceTree = "<group>"; };
		18FCC14C1682B5480038ADBB /* FirstViewController.h */ = {isa = PBXFileReference; fileEncoding = 4; lastKnownFileType = sourcecode.c.h; path = FirstViewController.h; sourceTree = "<group>"; };
		18FCC14D1682B5480038ADBB /* FirstViewController.m */ = {isa = PBXFileReference; fileEncoding = 4; lastKnownFileType = sourcecode.c.objc; path = FirstViewController.m; sourceTree = "<group>"; };
		18FCC14E1682B5480038ADBB /* FirstViewController.xib */ = {isa = PBXFileReference; fileEncoding = 4; lastKnownFileType = file.xib; path = FirstViewController.xib; sourceTree = "<group>"; };
		CE00ED0C1654895300CC4888 /* SettingViewController.h */ = {isa = PBXFileReference; fileEncoding = 4; lastKnownFileType = sourcecode.c.h; path = SettingViewController.h; sourceTree = "<group>"; };
		CE00ED0D1654895300CC4888 /* SettingViewController.m */ = {isa = PBXFileReference; fileEncoding = 4; lastKnownFileType = sourcecode.c.objc; path = SettingViewController.m; sourceTree = "<group>"; };
		CE00ED0E1654895300CC4888 /* SettingViewController.xib */ = {isa = PBXFileReference; fileEncoding = 4; lastKnownFileType = file.xib; path = SettingViewController.xib; sourceTree = "<group>"; };
		CE012804163A61B6002C02B6 /* CoreMedia.framework */ = {isa = PBXFileReference; lastKnownFileType = wrapper.framework; name = CoreMedia.framework; path = System/Library/Frameworks/CoreMedia.framework; sourceTree = SDKROOT; };
		CEDD6E6D16390258000F3D6D /* APP4.app */ = {isa = PBXFileReference; explicitFileType = wrapper.application; includeInIndex = 0; path = APP4.app; sourceTree = BUILT_PRODUCTS_DIR; };
		CEDD6E7116390258000F3D6D /* UIKit.framework */ = {isa = PBXFileReference; lastKnownFileType = wrapper.framework; name = UIKit.framework; path = System/Library/Frameworks/UIKit.framework; sourceTree = SDKROOT; };
		CEDD6E7316390258000F3D6D /* Foundation.framework */ = {isa = PBXFileReference; lastKnownFileType = wrapper.framework; name = Foundation.framework; path = System/Library/Frameworks/Foundation.framework; sourceTree = SDKROOT; };
		CEDD6E7516390258000F3D6D /* CoreGraphics.framework */ = {isa = PBXFileReference; lastKnownFileType = wrapper.framework; name = CoreGraphics.framework; path = System/Library/Frameworks/CoreGraphics.framework; sourceTree = SDKROOT; };
		CEDD6E7916390258000F3D6D /* APP4-Info.plist */ = {isa = PBXFileReference; lastKnownFileType = text.plist.xml; path = "APP4-Info.plist"; sourceTree = "<group>"; };
		CEDD6E7B16390258000F3D6D /* en */ = {isa = PBXFileReference; lastKnownFileType = text.plist.strings; name = en; path = en.lproj/InfoPlist.strings; sourceTree = "<group>"; };
		CEDD6E7D16390258000F3D6D /* main.m */ = {isa = PBXFileReference; lastKnownFileType = sourcecode.c.objc; path = main.m; sourceTree = "<group>"; };
		CEDD6E7F16390258000F3D6D /* APP4-Prefix.pch */ = {isa = PBXFileReference; lastKnownFileType = sourcecode.c.h; path = "APP4-Prefix.pch"; sourceTree = "<group>"; };
		CEDD6E8016390258000F3D6D /* XXXAppDelegate.h */ = {isa = PBXFileReference; lastKnownFileType = sourcecode.c.h; path = XXXAppDelegate.h; sourceTree = "<group>"; };
		CEDD6E8116390258000F3D6D /* XXXAppDelegate.m */ = {isa = PBXFileReference; lastKnownFileType = sourcecode.c.objc; path = XXXAppDelegate.m; sourceTree = "<group>"; };
		CEDD6E9616390331000F3D6D /* XXXPlayView.h */ = {isa = PBXFileReference; fileEncoding = 4; lastKnownFileType = sourcecode.c.h; name = XXXPlayView.h; path = APP4/XXXPlayView.h; sourceTree = "<group>"; };
		CEDD6E9716390331000F3D6D /* XXXPlayView.m */ = {isa = PBXFileReference; fileEncoding = 4; lastKnownFileType = sourcecode.c.objc; name = XXXPlayView.m; path = APP4/XXXPlayView.m; sourceTree = "<group>"; };
		CEDD6E991639037E000F3D6D /* AVFoundation.framework */ = {isa = PBXFileReference; lastKnownFileType = wrapper.framework; name = AVFoundation.framework; path = System/Library/Frameworks/AVFoundation.framework; sourceTree = SDKROOT; };
		CEFB9254164CE8A700BFADEC /* SubtitlePackage.h */ = {isa = PBXFileReference; fileEncoding = 4; lastKnownFileType = sourcecode.c.h; name = SubtitlePackage.h; path = APP4/SubtitlePackage.h; sourceTree = "<group>"; };
		CEFB9255164CE8A700BFADEC /* SubtitlePackage.m */ = {isa = PBXFileReference; fileEncoding = 4; lastKnownFileType = sourcecode.c.objc; name = SubtitlePackage.m; path = APP4/SubtitlePackage.m; sourceTree = "<group>"; };
/* End PBXFileReference section */

/* Begin PBXFrameworksBuildPhase section */
		CEDD6E6A16390258000F3D6D /* Frameworks */ = {
			isa = PBXFrameworksBuildPhase;
			buildActionMask = 2147483647;
			files = (
				18FCC0E616800F050038ADBB /* GLKit.framework in Frameworks */,
				180BE30F16799D8100BFBBF4 /* QuartzCore.framework in Frameworks */,
				CE012805163A61B6002C02B6 /* CoreMedia.framework in Frameworks */,
				CEDD6E9A1639037E000F3D6D /* AVFoundation.framework in Frameworks */,
				CEDD6E7216390258000F3D6D /* UIKit.framework in Frameworks */,
				CEDD6E7416390258000F3D6D /* Foundation.framework in Frameworks */,
				CEDD6E7616390258000F3D6D /* CoreGraphics.framework in Frameworks */,
			);
			runOnlyForDeploymentPostprocessing = 0;
		};
/* End PBXFrameworksBuildPhase section */

/* Begin PBXGroup section */
		180BE2BB167822D800BFBBF4 /* Class */ = {
			isa = PBXGroup;
			children = (
				1872B56616842EFC0079944A /* MBProgressHUD.h */,
				1872B56716842EFC0079944A /* MBProgressHUD.m */,
				CEDD6E9616390331000F3D6D /* XXXPlayView.h */,
				CEDD6E9716390331000F3D6D /* XXXPlayView.m */,
				18E52A451696B6B50067C957 /* PlayView.h */,
				18E52A461696B6B50067C957 /* PlayView.m */,
				CEFB9254164CE8A700BFADEC /* SubtitlePackage.h */,
				CEFB9255164CE8A700BFADEC /* SubtitlePackage.m */,
				181A288A164F4485001D8F5E /* ImagesPackage.h */,
				181A288B164F4485001D8F5E /* ImagesPackage.m */,
				181A2892164F6157001D8F5E /* AudiosPackage.h */,
				181A2893164F6157001D8F5E /* AudiosPackage.m */,
			);
			name = Class;
			sourceTree = "<group>";
		};
		1872B51016842E6E0079944A /* posters */ = {
			isa = PBXGroup;
			children = (
				1872B51116842E6E0079944A /* 2 Broke Girls.jpg */,
				1872B51216842E6E0079944A /* Bones.jpg */,
				1872B51316842E6E0079944A /* Boston Legal.jpg */,
				1872B51416842E6E0079944A /* Brothers and Sisters.jpg */,
				1872B51516842E6E0079944A /* Cold Case.jpg */,
				1872B51616842E6E0079944A /* Criminal Minds.jpg */,
				1872B51716842E6E0079944A /* CSI.jpg */,
				1872B51816842E6E0079944A /* Desperate Housewives.jpg */,
				1872B51916842E6E0079944A /* Dexter.jpg */,
				1872B51A16842E6E0079944A /* Downton Abbey.jpg */,
				1872B51B16842E6E0079944A /* Friends2.jpg */,
				1872B51C16842E6E0079944A /* Fringe.jpg */,
				1872B51D16842E6E0079944A /* Gossip Girl.jpg */,
				1872B51E16842E6E0079944A /* Grey's Anatomy.jpg */,
				1872B51F16842E6E0079944A /* Heroes.jpg */,
				1872B52016842E6E0079944A /* House.jpg */,
				1872B52116842E6E0079944A /* How I Met Your Mother.jpg */,
				1872B52216842E6E0079944A /* Legend of The Seeker.jpg */,
				1872B52616842E6E0079944A /* Nikita.jpg */,
				1872B52716842E6E0079944A /* Nip Tuck.jpg */,
				1872B52816842E6E0079944A /* Prison Break.jpg */,
				1872B52A16842E6E0079944A /* Revenge.jpg */,
				1872B52B16842E6E0079944A /* Rome.jpg */,
				1872B52C16842E6E0079944A /* Sherlock.jpg */,
				1872B52D16842E6E0079944A /* Skins.jpg */,
				1872B52F16842E6E0079944A /* The 4400.jpg */,
				1872B53016842E6E0079944A /* The Big Bang Theory.jpg */,
				1872B53116842E6E0079944A /* The Big Bang Theory2.jpg */,
				1872B53216842E6E0079944A /* The Closer.jpg */,
				1872B53316842E6E0079944A /* The Good Wife.jpg */,
				1872B53416842E6E0079944A /* The Killing.jpg */,
				1872B53516842E6E0079944A /* The Office.jpg */,
				1872B53616842E6E0079944A /* The Pretender.jpg */,
				1872B53716842E6E0079944A /* The Prisoner.jpg */,
				1872B53816842E6E0079944A /* True Blood.jpg */,
				1872B53916842E6E0079944A /* Ugly Betty.jpg */,
				1872B53A16842E6E0079944A /* Weeds.jpg */,
				1872B53B16842E6E0079944A /* Will and Grace.jpg */,
			);
			name = posters;
			path = APP4/posters;
			sourceTree = "<group>";
		};
		18E52A70169A85DB0067C957 /* Appearance Class */ = {
			isa = PBXGroup;
			children = (
				18BECBA31694103900E82829 /* ButtonView.h */,
				18BECBA41694103900E82829 /* ButtonView.m */,
				18BECBAE169426C900E82829 /* LabelView.h */,
				18BECBAF169426C900E82829 /* LabelView.m */,
				18E52A4D169869DB0067C957 /* ThumbImageView.h */,
				18E52A4E169869DB0067C957 /* ThumbImageView.m */,
				18E52A79169AA90E0067C957 /* PlayButton.h */,
				18E52A7A169AA90E0067C957 /* PlayButton.m */,
				18D9DD62169BF11600351D51 /* CountLabel.h */,
				18D9DD63169BF11600351D51 /* CountLabel.m */,
				18D9DDAA169E697700351D51 /* CustomImageView.h */,
				18D9DDAB169E697700351D51 /* CustomImageView.m */,
				181CA43316A2F294000C29C3 /* CustomBarView.h */,
				181CA43416A2F294000C29C3 /* CustomBarView.m */,
				181CA43716A2F2BF000C29C3 /* MicrophoneButton.h */,
				181CA43816A2F2BF000C29C3 /* MicrophoneButton.m */,
				181CA43A16A2F2CF000C29C3 /* SettingButton.h */,
				181CA43B16A2F2CF000C29C3 /* SettingButton.m */,
				181CA43D16A2F2EA000C29C3 /* AddButton.h */,
				181CA43E16A2F2EA000C29C3 /* AddButton.m */,
				18CDAA4416AE2C6800A25DFC /* PopMenu.h */,
				18CDAA4516AE2C6800A25DFC /* PopMenu.m */,
			);
			name = "Appearance Class";
			sourceTree = "<group>";
		};
		CEDD6E6216390258000F3D6D = {
			isa = PBXGroup;
			children = (
				18E52A70169A85DB0067C957 /* Appearance Class */,
				1872B51016842E6E0079944A /* posters */,
				180BE2BB167822D800BFBBF4 /* Class */,
				CEDD6E7716390258000F3D6D /* APP4 */,
				CEDD6E7016390258000F3D6D /* Frameworks */,
				CEDD6E6E16390258000F3D6D /* Products */,
			);
			sourceTree = "<group>";
		};
		CEDD6E6E16390258000F3D6D /* Products */ = {
			isa = PBXGroup;
			children = (
				CEDD6E6D16390258000F3D6D /* APP4.app */,
			);
			name = Products;
			sourceTree = "<group>";
		};
		CEDD6E7016390258000F3D6D /* Frameworks */ = {
			isa = PBXGroup;
			children = (
				18FCC0E516800F050038ADBB /* GLKit.framework */,
				180BE30E16799D8100BFBBF4 /* QuartzCore.framework */,
				CE012804163A61B6002C02B6 /* CoreMedia.framework */,
				CEDD6E991639037E000F3D6D /* AVFoundation.framework */,
				CEDD6E7116390258000F3D6D /* UIKit.framework */,
				CEDD6E7316390258000F3D6D /* Foundation.framework */,
				CEDD6E7516390258000F3D6D /* CoreGraphics.framework */,
			);
			name = Frameworks;
			sourceTree = "<group>";
		};
		CEDD6E7716390258000F3D6D /* APP4 */ = {
			isa = PBXGroup;
			children = (
				CEDD6E8016390258000F3D6D /* XXXAppDelegate.h */,
				CEDD6E8116390258000F3D6D /* XXXAppDelegate.m */,
				18FCC14C1682B5480038ADBB /* FirstViewController.h */,
				18FCC14D1682B5480038ADBB /* FirstViewController.m */,
				18FCC14E1682B5480038ADBB /* FirstViewController.xib */,
				18CDAA7416AE6E0C00A25DFC /* GlossaryManagement.h */,
				18CDAA7516AE6E0C00A25DFC /* GlossaryManagement.m */,
				180BE2BC1678237D00BFBBF4 /* FileViewController.h */,
				180BE2BD1678237D00BFBBF4 /* FileViewController.m */,
				180BE2BE1678237D00BFBBF4 /* FileViewController.xib */,
				18E52A3F1696B3BA0067C957 /* PlayViewController.h */,
				18E52A401696B3BA0067C957 /* PlayViewController.m */,
				18E52A411696B3BA0067C957 /* PlayViewController.xib */,
				18E9D332168B162600283A7F /* GlossaryViewController.h */,
				18E9D333168B162600283A7F /* GlossaryViewController.m */,
				18E9D334168B162600283A7F /* GlossaryViewController.xib */,
				1890ACBF16880AEA000C0FC4 /* CardViewController.h */,
				1890ACC016880AEA000C0FC4 /* CardViewController.m */,
				1890ACC116880AEA000C0FC4 /* CardViewController.xib */,
				1890ACC516880B35000C0FC4 /* CardCell.h */,
				1890ACC616880B35000C0FC4 /* CardCell.m */,
				1890ACC816880B5E000C0FC4 /* CardCell.xib */,
				CE00ED0C1654895300CC4888 /* SettingViewController.h */,
				CE00ED0D1654895300CC4888 /* SettingViewController.m */,
				CE00ED0E1654895300CC4888 /* SettingViewController.xib */,
				CEDD6E7816390258000F3D6D /* Supporting Files */,
			);
			path = APP4;
			sourceTree = "<group>";
		};
		CEDD6E7816390258000F3D6D /* Supporting Files */ = {
			isa = PBXGroup;
			children = (
				18E9D32B1689EEDE00283A7F /* earphone.jpg */,
				1890ACDE1689CCB5000C0FC4 /* microNormal.jpg */,
				1890ACDF1689CCB5000C0FC4 /* microPressed.jpg */,
				CEDD6E7916390258000F3D6D /* APP4-Info.plist */,
				CEDD6E7A16390258000F3D6D /* InfoPlist.strings */,
				CEDD6E7D16390258000F3D6D /* main.m */,
				18FCC110168023AD0038ADBB /* Friends.jpg */,
				CEDD6E7F16390258000F3D6D /* APP4-Prefix.pch */,
			);
			name = "Supporting Files";
			sourceTree = "<group>";
		};
/* End PBXGroup section */

/* Begin PBXNativeTarget section */
		CEDD6E6C16390258000F3D6D /* APP4 */ = {
			isa = PBXNativeTarget;
			buildConfigurationList = CEDD6E8B16390258000F3D6D /* Build configuration list for PBXNativeTarget "APP4" */;
			buildPhases = (
				CEDD6E6916390258000F3D6D /* Sources */,
				CEDD6E6A16390258000F3D6D /* Frameworks */,
				CEDD6E6B16390258000F3D6D /* Resources */,
			);
			buildRules = (
			);
			dependencies = (
			);
			name = APP4;
			productName = APP4;
			productReference = CEDD6E6D16390258000F3D6D /* APP4.app */;
			productType = "com.apple.product-type.application";
		};
/* End PBXNativeTarget section */

/* Begin PBXProject section */
		CEDD6E6416390258000F3D6D /* Project object */ = {
			isa = PBXProject;
			attributes = {
				CLASSPREFIX = XXX;
				LastUpgradeCheck = 0440;
				ORGANIZATIONNAME = FreeBox;
			};
			buildConfigurationList = CEDD6E6716390258000F3D6D /* Build configuration list for PBXProject "APP4" */;
			compatibilityVersion = "Xcode 3.2";
			developmentRegion = English;
			hasScannedForEncodings = 0;
			knownRegions = (
				en,
			);
			mainGroup = CEDD6E6216390258000F3D6D;
			productRefGroup = CEDD6E6E16390258000F3D6D /* Products */;
			projectDirPath = "";
			projectRoot = "";
			targets = (
				CEDD6E6C16390258000F3D6D /* APP4 */,
			);
		};
/* End PBXProject section */

/* Begin PBXResourcesBuildPhase section */
		CEDD6E6B16390258000F3D6D /* Resources */ = {
			isa = PBXResourcesBuildPhase;
			buildActionMask = 2147483647;
			files = (
				CEDD6E7C16390258000F3D6D /* InfoPlist.strings in Resources */,
				CE00ED101654895300CC4888 /* SettingViewController.xib in Resources */,
				180BE2C01678237E00BFBBF4 /* FileViewController.xib in Resources */,
				18FCC111168023AD0038ADBB /* Friends.jpg in Resources */,
				18FCC1501682B5480038ADBB /* FirstViewController.xib in Resources */,
				1872B53C16842E6E0079944A /* 2 Broke Girls.jpg in Resources */,
				1872B53D16842E6E0079944A /* Bones.jpg in Resources */,
				1872B53E16842E6E0079944A /* Boston Legal.jpg in Resources */,
				1872B53F16842E6E0079944A /* Brothers and Sisters.jpg in Resources */,
				1872B54016842E6E0079944A /* Cold Case.jpg in Resources */,
				1872B54116842E6E0079944A /* Criminal Minds.jpg in Resources */,
				1872B54216842E6E0079944A /* CSI.jpg in Resources */,
				1872B54316842E6E0079944A /* Desperate Housewives.jpg in Resources */,
				1872B54416842E6E0079944A /* Dexter.jpg in Resources */,
				1872B54516842E6E0079944A /* Downton Abbey.jpg in Resources */,
				1872B54616842E6E0079944A /* Friends2.jpg in Resources */,
				1872B54716842E6E0079944A /* Fringe.jpg in Resources */,
				1872B54816842E6E0079944A /* Gossip Girl.jpg in Resources */,
				1872B54916842E6E0079944A /* Grey's Anatomy.jpg in Resources */,
				1872B54A16842E6E0079944A /* Heroes.jpg in Resources */,
				1872B54B16842E6E0079944A /* House.jpg in Resources */,
				1872B54C16842E6E0079944A /* How I Met Your Mother.jpg in Resources */,
				1872B54D16842E6E0079944A /* Legend of The Seeker.jpg in Resources */,
				1872B55016842E6E0079944A /* Nikita.jpg in Resources */,
				1872B55116842E6E0079944A /* Nip Tuck.jpg in Resources */,
				1872B55216842E6E0079944A /* Prison Break.jpg in Resources */,
				1872B55416842E6E0079944A /* Revenge.jpg in Resources */,
				1872B55516842E6E0079944A /* Rome.jpg in Resources */,
				1872B55616842E6E0079944A /* Sherlock.jpg in Resources */,
				1872B55716842E6E0079944A /* Skins.jpg in Resources */,
				1872B55916842E6E0079944A /* The 4400.jpg in Resources */,
				1872B55A16842E6E0079944A /* The Big Bang Theory.jpg in Resources */,
				1872B55B16842E6E0079944A /* The Big Bang Theory2.jpg in Resources */,
				1872B55C16842E6E0079944A /* The Closer.jpg in Resources */,
				1872B55D16842E6E0079944A /* The Good Wife.jpg in Resources */,
				1872B55E16842E6E0079944A /* The Killing.jpg in Resources */,
				1872B55F16842E6E0079944A /* The Office.jpg in Resources */,
				1872B56016842E6E0079944A /* The Pretender.jpg in Resources */,
				1872B56116842E6E0079944A /* The Prisoner.jpg in Resources */,
				1872B56216842E6E0079944A /* True Blood.jpg in Resources */,
				1872B56316842E6E0079944A /* Ugly Betty.jpg in Resources */,
				1872B56416842E6E0079944A /* Weeds.jpg in Resources */,
				1872B56516842E6E0079944A /* Will and Grace.jpg in Resources */,
				1890ACC316880AEA000C0FC4 /* CardViewController.xib in Resources */,
				1890ACC916880B5E000C0FC4 /* CardCell.xib in Resources */,
				1890ACE01689CCB5000C0FC4 /* microNormal.jpg in Resources */,
				1890ACE11689CCB5000C0FC4 /* microPressed.jpg in Resources */,
				18E9D32C1689EEDE00283A7F /* earphone.jpg in Resources */,
				18E9D336168B162600283A7F /* GlossaryViewController.xib in Resources */,
				18E52A431696B3BA0067C957 /* PlayViewController.xib in Resources */,
			);
			runOnlyForDeploymentPostprocessing = 0;
		};
/* End PBXResourcesBuildPhase section */

/* Begin PBXSourcesBuildPhase section */
		CEDD6E6916390258000F3D6D /* Sources */ = {
			isa = PBXSourcesBuildPhase;
			buildActionMask = 2147483647;
			files = (
				CEDD6E7E16390258000F3D6D /* main.m in Sources */,
				CEDD6E8216390258000F3D6D /* XXXAppDelegate.m in Sources */,
				CEDD6E9816390331000F3D6D /* XXXPlayView.m in Sources */,
				CEFB9256164CE8A700BFADEC /* SubtitlePackage.m in Sources */,
				181A288C164F4485001D8F5E /* ImagesPackage.m in Sources */,
				181A2894164F6157001D8F5E /* AudiosPackage.m in Sources */,
				CE00ED0F1654895300CC4888 /* SettingViewController.m in Sources */,
				180BE2BF1678237E00BFBBF4 /* FileViewController.m in Sources */,
				18FCC14F1682B5480038ADBB /* FirstViewController.m in Sources */,
				1872B56816842EFC0079944A /* MBProgressHUD.m in Sources */,
				1890ACC216880AEA000C0FC4 /* CardViewController.m in Sources */,
				1890ACC716880B35000C0FC4 /* CardCell.m in Sources */,
				18E9D335168B162600283A7F /* GlossaryViewController.m in Sources */,
				18BECBA51694103900E82829 /* ButtonView.m in Sources */,
				18BECBB0169426C900E82829 /* LabelView.m in Sources */,
				18E52A421696B3BA0067C957 /* PlayViewController.m in Sources */,
				18E52A471696B6B50067C957 /* PlayView.m in Sources */,
				18E52A4F169869DC0067C957 /* ThumbImageView.m in Sources */,
				18E52A7B169AA90E0067C957 /* PlayButton.m in Sources */,
				18D9DD64169BF11600351D51 /* CountLabel.m in Sources */,
				18D9DDAC169E697700351D51 /* CustomImageView.m in Sources */,
				181CA43516A2F294000C29C3 /* CustomBarView.m in Sources */,
				181CA43916A2F2BF000C29C3 /* MicrophoneButton.m in Sources */,
				181CA43C16A2F2CF000C29C3 /* SettingButton.m in Sources */,
				181CA43F16A2F2EA000C29C3 /* AddButton.m in Sources */,
				18CDAA4616AE2C6800A25DFC /* PopMenu.m in Sources */,
				18CDAA7616AE6E0C00A25DFC /* GlossaryManagement.m in Sources */,
			);
			runOnlyForDeploymentPostprocessing = 0;
		};
/* End PBXSourcesBuildPhase section */

/* Begin PBXVariantGroup section */
		CEDD6E7A16390258000F3D6D /* InfoPlist.strings */ = {
			isa = PBXVariantGroup;
			children = (
				CEDD6E7B16390258000F3D6D /* en */,
			);
			name = InfoPlist.strings;
			sourceTree = "<group>";
		};
/* End PBXVariantGroup section */

/* Begin XCBuildConfiguration section */
		CEDD6E8916390258000F3D6D /* Debug */ = {
			isa = XCBuildConfiguration;
			buildSettings = {
				ALWAYS_SEARCH_USER_PATHS = NO;
				ARCHS = "$(ARCHS_STANDARD_32_BIT)";
				CLANG_CXX_LANGUAGE_STANDARD = "gnu++0x";
				CLANG_ENABLE_OBJC_ARC = YES;
				CLANG_WARN__DUPLICATE_METHOD_MATCH = YES;
				"CODE_SIGN_IDENTITY[sdk=iphoneos*]" = "iPhone Developer";
				COPY_PHASE_STRIP = NO;
				GCC_C_LANGUAGE_STANDARD = gnu99;
				GCC_DYNAMIC_NO_PIC = NO;
				GCC_OPTIMIZATION_LEVEL = 0;
				GCC_PREPROCESSOR_DEFINITIONS = (
					"DEBUG=1",
					"$(inherited)",
				);
				GCC_SYMBOLS_PRIVATE_EXTERN = NO;
				GCC_VERSION = com.apple.compilers.llvm.clang.1_0;
				GCC_WARN_ABOUT_RETURN_TYPE = YES;
				GCC_WARN_UNINITIALIZED_AUTOS = YES;
				GCC_WARN_UNUSED_VARIABLE = YES;
				IPHONEOS_DEPLOYMENT_TARGET = 5.1;
				SDKROOT = iphoneos;
			};
			name = Debug;
		};
		CEDD6E8A16390258000F3D6D /* Release */ = {
			isa = XCBuildConfiguration;
			buildSettings = {
				ALWAYS_SEARCH_USER_PATHS = NO;
				ARCHS = "$(ARCHS_STANDARD_32_BIT)";
				CLANG_CXX_LANGUAGE_STANDARD = "gnu++0x";
				CLANG_ENABLE_OBJC_ARC = YES;
				CLANG_WARN__DUPLICATE_METHOD_MATCH = YES;
				"CODE_SIGN_IDENTITY[sdk=iphoneos*]" = "iPhone Developer";
				COPY_PHASE_STRIP = YES;
				GCC_C_LANGUAGE_STANDARD = gnu99;
				GCC_VERSION = com.apple.compilers.llvm.clang.1_0;
				GCC_WARN_ABOUT_RETURN_TYPE = YES;
				GCC_WARN_UNINITIALIZED_AUTOS = YES;
				GCC_WARN_UNUSED_VARIABLE = YES;
				IPHONEOS_DEPLOYMENT_TARGET = 5.1;
				OTHER_CFLAGS = "-DNS_BLOCK_ASSERTIONS=1";
				SDKROOT = iphoneos;
				VALIDATE_PRODUCT = YES;
			};
			name = Release;
		};
		CEDD6E8C16390258000F3D6D /* Debug */ = {
			isa = XCBuildConfiguration;
			buildSettings = {
				GCC_PRECOMPILE_PREFIX_HEADER = YES;
				GCC_PREFIX_HEADER = "APP4/APP4-Prefix.pch";
				INFOPLIST_FILE = "APP4/APP4-Info.plist";
				PRODUCT_NAME = "$(TARGET_NAME)";
				WRAPPER_EXTENSION = app;
			};
			name = Debug;
		};
		CEDD6E8D16390258000F3D6D /* Release */ = {
			isa = XCBuildConfiguration;
			buildSettings = {
				GCC_PRECOMPILE_PREFIX_HEADER = YES;
				GCC_PREFIX_HEADER = "APP4/APP4-Prefix.pch";
				INFOPLIST_FILE = "APP4/APP4-Info.plist";
				PRODUCT_NAME = "$(TARGET_NAME)";
				WRAPPER_EXTENSION = app;
			};
			name = Release;
		};
/* End XCBuildConfiguration section */

/* Begin XCConfigurationList section */
		CEDD6E6716390258000F3D6D /* Build configuration list for PBXProject "APP4" */ = {
			isa = XCConfigurationList;
			buildConfigurations = (
				CEDD6E8916390258000F3D6D /* Debug */,
				CEDD6E8A16390258000F3D6D /* Release */,
			);
			defaultConfigurationIsVisible = 0;
			defaultConfigurationName = Release;
		};
		CEDD6E8B16390258000F3D6D /* Build configuration list for PBXNativeTarget "APP4" */ = {
			isa = XCConfigurationList;
			buildConfigurations = (
				CEDD6E8C16390258000F3D6D /* Debug */,
				CEDD6E8D16390258000F3D6D /* Release */,
			);
			defaultConfigurationIsVisible = 0;
			defaultConfigurationName = Release;
		};
/* End XCConfigurationList section */
	};
	rootObject = CEDD6E6416390258000F3D6D /* Project object */;
}
